# MicroXplorer Configuration File - For STM32H562RGT6
File.Version=6
KeepUserPlacement=false
Mcu.Family=STM32H5
Mcu.IP0=ADC1
Mcu.IP1=GPDMA1
Mcu.IP2=I2C1
Mcu.IP3=LPTIM1
Mcu.IP4=LPTIM2
Mcu.IP5=LPTIM3
Mcu.IP6=LPTIM4
Mcu.IP7=NVIC
Mcu.IP8=RCC
Mcu.IP9=SPI2
Mcu.IP10=SYS
Mcu.IP11=TIM8
Mcu.IP12=USART1
Mcu.IP13=USB_DEVICE
Mcu.IP14=USB_DRD_FS
Mcu.IPNb=15
Mcu.Name=STM32H562RGTx
Mcu.Package=LQFP64
Mcu.Pin0=PC13
Mcu.Pin1=PH0-OSC_IN
Mcu.Pin2=PH1-OSC_OUT
Mcu.Pin3=PC0
Mcu.Pin4=PC1
Mcu.Pin5=PC2
Mcu.Pin6=PC3
Mcu.Pin7=PA0
Mcu.Pin8=PA1
Mcu.Pin9=PA2
Mcu.Pin10=PA3
Mcu.Pin11=PA4
Mcu.Pin12=PA5
Mcu.Pin13=PA6
Mcu.Pin14=PA7
Mcu.Pin15=PC4
Mcu.Pin16=PC5
Mcu.Pin17=PB0
Mcu.Pin18=PB1
Mcu.Pin19=PB2
Mcu.Pin20=PB10
Mcu.Pin21=PB12
Mcu.Pin22=PB13
Mcu.Pin23=PB14
Mcu.Pin24=PB15
Mcu.Pin25=PC6
Mcu.Pin26=PC7
Mcu.Pin27=PC8
Mcu.Pin28=PC9
Mcu.Pin29=PA8
Mcu.Pin30=PA9
Mcu.Pin31=PA10
Mcu.Pin32=PA11
Mcu.Pin33=PA12
Mcu.Pin34=PA13
Mcu.Pin35=PA14
Mcu.Pin36=PA15
Mcu.Pin37=PC10
Mcu.Pin38=PC11
Mcu.Pin39=PC12
Mcu.Pin40=PD2
Mcu.Pin41=PB3
Mcu.Pin42=PB4
Mcu.Pin43=PB5
Mcu.Pin44=PB6
Mcu.Pin45=PB7
Mcu.Pin46=PB8
Mcu.Pin47=VP_ADC1_TempSens_Input
Mcu.Pin48=VP_SYS_VS_Systick
Mcu.PinsNb=49
Mcu.ThirdPartyNb=0
Mcu.UserConstants=
Mcu.UserName=STM32H562RGTx
MxCube.Version=6.9.2
MxDb.Version=DB.6.0.92
NVIC.BusFault_IRQn=true:0:0:false:false:true:false:false
NVIC.DebugMonitor_IRQn=true:0:0:false:false:true:false:false
NVIC.HardFault_IRQn=true:0:0:false:false:true:false:false
NVIC.MemoryManagement_IRQn=true:0:0:false:false:true:false:false
NVIC.NonMaskableInt_IRQn=true:0:0:false:false:true:false:false
NVIC.PendSV_IRQn=true:0:0:false:false:true:false:false
NVIC.PriorityGroup=NVIC_PRIORITYGROUP_4
NVIC.SVCall_IRQn=true:0:0:false:false:true:false:false
NVIC.UsageFault_IRQn=true:0:0:false:false:true:false:false
PA0.Signal=ADC1_IN0
PA1.Signal=ADC1_IN1
PA2.Signal=ADC1_IN2
PA3.Signal=ADC1_IN3
PA11.Signal=USB_DRD_FS_DM
PA12.Signal=USB_DRD_FS_DP
PA13.Signal=SYS_JTMS-SWDIO
PA14.Signal=SYS_JTCK-SWCLK
PB0.Signal=GPIO_Output
PB1.Signal=GPIO_Output
PB2.Signal=GPIO_Output
PB10.Signal=GPIO_Output
PB12.Signal=SPI2_NSS
PB13.Signal=SPI2_SCK
PB14.Signal=SPI2_MISO
PB15.Signal=SPI2_MOSI
PB6.Signal=I2C1_SCL
PB7.Signal=I2C1_SDA
PC0.Signal=LPTIM1_IN1
PC1.Signal=LPTIM1_IN2
PC2.Signal=LPTIM2_IN1
PC3.Signal=LPTIM2_IN2
PC4.Signal=LPTIM3_IN1
PC5.Signal=LPTIM3_IN2
PC6.Signal=TIM8_CH1
PC7.Signal=TIM8_CH2
PC8.Signal=TIM8_CH3
PC9.Signal=TIM8_CH4
PC10.Signal=LPTIM4_IN1
PC11.Signal=LPTIM4_IN2
PC12.Signal=GPIO_Input
PC13.Signal=GPIO_Output
PD2.Signal=GPIO_Output
PH0-OSC_IN.Signal=RCC_OSC_IN
PH1-OSC_OUT.Signal=RCC_OSC_OUT
USB_DEVICE.CLASS_NAME_FS=CDC
USB_DEVICE.USB_SPEED_FS=USB_SPEED_FULL
VP_ADC1_TempSens_Input.Mode=IN-TempSens
VP_ADC1_TempSens_Input.Signal=ADC1_TempSens_Input
VP_SYS_VS_Systick.Mode=SysTick
VP_SYS_VS_Systick.Signal=SYS_VS_Systick
